PODS:
  - Alamofire (5.0.0-rc.2)
  - CropViewController (2.5.1)
  - DKCamera (1.6.4)
  - DKImagePickerController (4.1.7):
    - DKImagePickerController/Camera (= 4.1.7)
    - DKImagePickerController/Core (= 4.1.7)
    - DKImagePickerController/ImageDataManager (= 4.1.7)
    - DKImagePickerController/InlineCamera (= 4.1.7)
    - DKImagePickerController/PhotoEditor (= 4.1.7)
    - DKImagePickerController/PhotoGallery (= 4.1.7)
    - DKImagePickerController/Resource (= 4.1.7)
  - DKImagePickerController/Camera (4.1.7):
    - DKCamera
    - DKImagePickerController/Core
  - DKImagePickerController/Core (4.1.7):
    - DKImagePickerController/ImageDataManager
    - DKImagePickerController/Resource
  - DKImagePickerController/ImageDataManager (4.1.7)
  - DKImagePickerController/InlineCamera (4.1.7):
    - DKCamera
    - DKImagePickerController/Core
  - DKImagePickerController/PhotoEditor (4.1.7):
    - CropViewController (~> 2.4)
    - DKImagePickerController/Core
  - DKImagePickerController/PhotoGallery (4.1.7):
    - DKImagePickerController/Core
    - DKPhotoGallery
  - DKImagePickerController/Resource (4.1.7)
  - DKPhotoGallery (0.0.14):
    - DKPhotoGallery/Core (= 0.0.14)
    - DKPhotoGallery/Model (= 0.0.14)
    - DKPhotoGallery/Preview (= 0.0.14)
    - DKPhotoGallery/Resource (= 0.0.14)
    - SDWebImage
    - SDWebImageFLPlugin
  - DKPhotoGallery/Core (0.0.14):
    - DKPhotoGallery/Model
    - DKPhotoGallery/Preview
    - SDWebImage
    - SDWebImageFLPlugin
  - DKPhotoGallery/Model (0.0.14):
    - SDWebImage
    - SDWebImageFLPlugin
  - DKPhotoGallery/Preview (0.0.14):
    - DKPhotoGallery/Model
    - DKPhotoGallery/Resource
    - SDWebImage
    - SDWebImageFLPlugin
  - DKPhotoGallery/Resource (0.0.14):
    - SDWebImage
    - SDWebImageFLPlugin
  - EFImageViewZoom (0.0.3)
  - FLAnimatedImage (1.0.12)
  - Nuke (8.3.0)
  - SDWebImage (5.2.3):
    - SDWebImage/Core (= 5.2.3)
  - SDWebImage/Core (5.2.3)
  - SDWebImageFLPlugin (0.3.0):
    - FLAnimatedImage (>= 1.0.11)
    - SDWebImage/Core (~> 5.0)

DEPENDENCIES:
  - Alamofire (~> 5.0.0-rc.2)
  - DKImagePickerController
  - EFImageViewZoom
  - Nuke

SPEC REPOS:
  trunk:
    - Alamofire
    - CropViewController
    - DKCamera
    - DKImagePickerController
    - DKPhotoGallery
    - EFImageViewZoom
    - FLAnimatedImage
    - Nuke
    - SDWebImage
    - SDWebImageFLPlugin

SPEC CHECKSUMS:
  Alamofire: f9450d3c7f6bea2ad62e7a541c3e9b186c7991d6
  CropViewController: 10ba7af75e302f2db7eb913f8aa1156f95cfe88e
  DKCamera: 61fa47629a39354e5111bca1fe96695de020dcb9
  DKImagePickerController: 6ffad961c212b0debf644f3d1aa72d0a2ee03d5f
  DKPhotoGallery: 0290d32343574f06eaa4c26f8f2f8a1035e916be
  EFImageViewZoom: 00c327c1d876e0f9086880681549179b0dbe9811
  FLAnimatedImage: 4a0b56255d9b05f18b6dd7ee06871be5d3b89e31
  Nuke: 775e35cf3c12cde80b3bff5fc7a77abb0cf29d0b
  SDWebImage: 46a7f73228f84ce80990c786e4372cf4db5875ce
  SDWebImageFLPlugin: cf3f4ae49f249dd785129346fd61bbc8433a88cf

PODFILE CHECKSUM: f9312e3036c2f462ef6cbf17429b0b875c53c6d7

COCOAPODS: 1.8.1
